
Microsoft Visual Studio Solution File, Format Version 12.00
# Visual Studio Version 17
VisualStudioVersion = 17.14.36414.22 d17.14
MinimumVisualStudioVersion = 10.0.40219.1
Project("{FAE04EC0-301F-11D3-BF4B-00C04F79EFBC}") = "music-player", "music-player\music-player.csproj", "{A9211EA4-ACEA-4CA7-828B-22A82E433C1A}"
EndProject
Global
	GlobalSection(SolutionConfigurationPlatforms) = preSolution
		Debug|Any CPU = Debug|Any CPU
		Release|Any CPU = Release|Any CPU
	EndGlobalSection
	GlobalSection(ProjectConfigurationPlatforms) = postSolution
		{A9211EA4-ACEA-4CA7-828B-22A82E433C1A}.Debug|Any CPU.ActiveCfg = Debug|Any CPU
		{A9211EA4-ACEA-4CA7-828B-22A82E433C1A}.Debug|Any CPU.Build.0 = Debug|Any CPU
		{A9211EA4-ACEA-4CA7-828B-22A82E433C1A}.Release|Any CPU.ActiveCfg = Release|Any CPU
		{A9211EA4-ACEA-4CA7-828B-22A82E433C1A}.Release|Any CPU.Build.0 = Release|Any CPU
	EndGlobalSection
	GlobalSection(SolutionProperties) = preSolution
		HideSolutionNode = FALSE
	EndGlobalSection
	GlobalSection(ExtensibilityGlobals) = postSolution
		SolutionGuid = {0FD53256-5236-477B-ADF8-F13F724C969B}
	EndGlobalSection
EndGlobal
